# THIS IS AN AUTOGENERATED FILE. DO NOT EDIT THIS FILE DIRECTLY.
# yarn lockfile v1


"@types/disposable-email-domains@^1.0.1":
  version "1.0.6"
  resolved "https://registry.yarnpkg.com/@types/disposable-email-domains/-/disposable-email-domains-1.0.6.tgz#00fde5dea9b196f96d421d9281a95a3c33eea92a"
  integrity sha512-+jHw0Q4ERuVYIChlUaoSm/VEuuNFeW7JgUU8Rwa9V1ym6q+gkGmBK5sGTDKqlfmsSdI5bFMHKlEatirPFvd8Xw==

axios@^0.24.0:
  version "0.24.0"
  resolved "https://registry.yarnpkg.com/axios/-/axios-0.24.0.tgz#804e6fa1e4b9c5288501dd9dff56a7a0940d20d6"
  integrity sha512-Q6cWsys88HoPgAaFAVUb0WpPk0O8iTeisR9IMqy9G8AbO4NlpVknrnQS03zzF9PGAWgO3cgletO3VjV/P7VztA==
  dependencies:
    follow-redirects "^1.14.4"

deep-email-validator@^0.1.21:
  version "0.1.21"
  resolved "https://registry.yarnpkg.com/deep-email-validator/-/deep-email-validator-0.1.21.tgz#5d0120fe1aeae83ab7cb39378a40a381b681219f"
  integrity sha512-DBAmMzbr+MAubXQ+TS9tZuPwLcdKscb8YzKZiwoLqF3NmaeEgXvSSHhZ0EXOFeKFE2FNWC4mNXCyiQ/JdFXUwg==
  dependencies:
    "@types/disposable-email-domains" "^1.0.1"
    axios "^0.24.0"
    disposable-email-domains "^1.0.59"
    mailcheck "^1.1.1"

disposable-email-domains@^1.0.59:
  version "1.0.62"
  resolved "https://registry.yarnpkg.com/disposable-email-domains/-/disposable-email-domains-1.0.62.tgz#bb66d3c387397dd8938aaf63a90505984f729265"
  integrity sha512-LBQvhRw7mznQTPoyZbsmYeNOZt1pN5aCsx4BAU/3siVFuiM9f2oyKzUaB8v1jbxFjE3aYqYiMo63kAL4pHgfWQ==

follow-redirects@^1.14.4:
  version "1.15.5"
  resolved "https://registry.yarnpkg.com/follow-redirects/-/follow-redirects-1.15.5.tgz#54d4d6d062c0fa7d9d17feb008461550e3ba8020"
  integrity sha512-vSFWUON1B+yAw1VN4xMfxgn5fTUiaOzAJCKBwIIgT/+7CuGy9+r+5gITvP62j3RmaD5Ph65UaERdOSRGUzZtgw==

mailcheck@^1.1.1:
  version "1.1.1"
  resolved "https://registry.yarnpkg.com/mailcheck/-/mailcheck-1.1.1.tgz#d87cf6ba0b64ba512199dbf93f1489f479591e34"
  integrity sha512-3WjL8+ZDouZwKlyJBMp/4LeziLFXgleOdsYu87piGcMLqhBzCsy2QFdbtAwv757TFC/rtqd738fgJw1tFQCSgA==
