# THIS IS AN AUTOGENERATED FILE. DO NOT EDIT THIS FILE DIRECTLY.
# yarn lockfile v1


react-hook-form@^7.49.3:
  version "7.49.3"
  resolved "https://registry.yarnpkg.com/react-hook-form/-/react-hook-form-7.49.3.tgz#576a4567f8a774830812f4855e89f5da5830435c"
  integrity sha512-foD6r3juidAT1cOZzpmD/gOKt7fRsDhXXZ0y28+Al1CHgX+AY1qIN9VSIIItXRq1dN68QrRwl1ORFlwjBaAqeQ==
